// !$*UTF8*$!
{
	archiveVersion = 1;
	classes = {
	};
	objectVersion = 55;
	objects = {

/* Begin PBXBuildFile section */
		FEF403A2276E3EBC0082276B /* AppDelegate.swift in Sources */ = {isa = PBXBuildFile; fileRef = FEF403A1276E3EBC0082276B /* AppDelegate.swift */; };
		FEF403A4276E3EBC0082276B /* SceneDelegate.swift in Sources */ = {isa = PBXBuildFile; fileRef = FEF403A3276E3EBC0082276B /* SceneDelegate.swift */; };
		FEF403A6276E3EBC0082276B /* MainVC.swift in Sources */ = {isa = PBXBuildFile; fileRef = FEF403A5276E3EBC0082276B /* MainVC.swift */; };
		FEF403A9276E3EBC0082276B /* Main.storyboard in Resources */ = {isa = PBXBuildFile; fileRef = FEF403A7276E3EBC0082276B /* Main.storyboard */; };
		FEF403AB276E3EBD0082276B /* Assets.xcassets in Resources */ = {isa = PBXBuildFile; fileRef = FEF403AA276E3EBD0082276B /* Assets.xcassets */; };
		FEF403AE276E3EBD0082276B /* LaunchScreen.storyboard in Resources */ = {isa = PBXBuildFile; fileRef = FEF403AC276E3EBD0082276B /* LaunchScreen.storyboard */; };
		FEF75331277099EE00C9FF08 /* GameVC.swift in Sources */ = {isa = PBXBuildFile; fileRef = FEF75330277099EE00C9FF08 /* GameVC.swift */; };
		FEF753342770A27700C9FF08 /* Question.swift in Sources */ = {isa = PBXBuildFile; fileRef = FEF753332770A27700C9FF08 /* Question.swift */; };
		FEF753362770A67A00C9FF08 /* Game.swift in Sources */ = {isa = PBXBuildFile; fileRef = FEF753352770A67A00C9FF08 /* Game.swift */; };
		FEF753382770A73300C9FF08 /* GameSession.swift in Sources */ = {isa = PBXBuildFile; fileRef = FEF753372770A73300C9FF08 /* GameSession.swift */; };
		FEF7533A2770A79E00C9FF08 /* RecordsCaretaker.swift in Sources */ = {isa = PBXBuildFile; fileRef = FEF753392770A79E00C9FF08 /* RecordsCaretaker.swift */; };
		FEF7533C2770B2E300C9FF08 /* RecordsVC.swift in Sources */ = {isa = PBXBuildFile; fileRef = FEF7533B2770B2E300C9FF08 /* RecordsVC.swift */; };
		FEF7533E2770B52000C9FF08 /* GameRecord.swift in Sources */ = {isa = PBXBuildFile; fileRef = FEF7533D2770B52000C9FF08 /* GameRecord.swift */; };
		FEF753402770D6A300C9FF08 /* RecordsTVCell.swift in Sources */ = {isa = PBXBuildFile; fileRef = FEF7533F2770D6A300C9FF08 /* RecordsTVCell.swift */; };
/* End PBXBuildFile section */

/* Begin PBXFileReference section */
		FEF4039E276E3EBC0082276B /* GB_Millionaire.app */ = {isa = PBXFileReference; explicitFileType = wrapper.application; includeInIndex = 0; path = GB_Millionaire.app; sourceTree = BUILT_PRODUCTS_DIR; };
		FEF403A1276E3EBC0082276B /* AppDelegate.swift */ = {isa = PBXFileReference; lastKnownFileType = sourcecode.swift; path = AppDelegate.swift; sourceTree = "<group>"; };
		FEF403A3276E3EBC0082276B /* SceneDelegate.swift */ = {isa = PBXFileReference; lastKnownFileType = sourcecode.swift; path = SceneDelegate.swift; sourceTree = "<group>"; };
		FEF403A5276E3EBC0082276B /* MainVC.swift */ = {isa = PBXFileReference; lastKnownFileType = sourcecode.swift; path = MainVC.swift; sourceTree = "<group>"; };
		FEF403A8276E3EBC0082276B /* Base */ = {isa = PBXFileReference; lastKnownFileType = file.storyboard; name = Base; path = Base.lproj/Main.storyboard; sourceTree = "<group>"; };
		FEF403AA276E3EBD0082276B /* Assets.xcassets */ = {isa = PBXFileReference; lastKnownFileType = folder.assetcatalog; path = Assets.xcassets; sourceTree = "<group>"; };
		FEF403AD276E3EBD0082276B /* Base */ = {isa = PBXFileReference; lastKnownFileType = file.storyboard; name = Base; path = Base.lproj/LaunchScreen.storyboard; sourceTree = "<group>"; };
		FEF403AF276E3EBD0082276B /* Info.plist */ = {isa = PBXFileReference; lastKnownFileType = text.plist.xml; path = Info.plist; sourceTree = "<group>"; };
		FEF75330277099EE00C9FF08 /* GameVC.swift */ = {isa = PBXFileReference; lastKnownFileType = sourcecode.swift; path = GameVC.swift; sourceTree = "<group>"; };
		FEF753332770A27700C9FF08 /* Question.swift */ = {isa = PBXFileReference; lastKnownFileType = sourcecode.swift; path = Question.swift; sourceTree = "<group>"; };
		FEF753352770A67A00C9FF08 /* Game.swift */ = {isa = PBXFileReference; lastKnownFileType = sourcecode.swift; path = Game.swift; sourceTree = "<group>"; };
		FEF753372770A73300C9FF08 /* GameSession.swift */ = {isa = PBXFileReference; lastKnownFileType = sourcecode.swift; path = GameSession.swift; sourceTree = "<group>"; };
		FEF753392770A79E00C9FF08 /* RecordsCaretaker.swift */ = {isa = PBXFileReference; lastKnownFileType = sourcecode.swift; path = RecordsCaretaker.swift; sourceTree = "<group>"; };
		FEF7533B2770B2E300C9FF08 /* RecordsVC.swift */ = {isa = PBXFileReference; lastKnownFileType = sourcecode.swift; path = RecordsVC.swift; sourceTree = "<group>"; };
		FEF7533D2770B52000C9FF08 /* GameRecord.swift */ = {isa = PBXFileReference; lastKnownFileType = sourcecode.swift; path = GameRecord.swift; sourceTree = "<group>"; };
		FEF7533F2770D6A300C9FF08 /* RecordsTVCell.swift */ = {isa = PBXFileReference; lastKnownFileType = sourcecode.swift; path = RecordsTVCell.swift; sourceTree = "<group>"; };
/* End PBXFileReference section */

/* Begin PBXFrameworksBuildPhase section */
		FEF4039B276E3EBC0082276B /* Frameworks */ = {
			isa = PBXFrameworksBuildPhase;
			buildActionMask = 2147483647;
			files = (
			);
			runOnlyForDeploymentPostprocessing = 0;
		};
/* End PBXFrameworksBuildPhase section */

/* Begin PBXGroup section */
		FEF40395276E3EBC0082276B = {
			isa = PBXGroup;
			children = (
				FEF403A0276E3EBC0082276B /* GB_Millionaire */,
				FEF4039F276E3EBC0082276B /* Products */,
			);
			sourceTree = "<group>";
		};
		FEF4039F276E3EBC0082276B /* Products */ = {
			isa = PBXGroup;
			children = (
				FEF4039E276E3EBC0082276B /* GB_Millionaire.app */,
			);
			name = Products;
			sourceTree = "<group>";
		};
		FEF403A0276E3EBC0082276B /* GB_Millionaire */ = {
			isa = PBXGroup;
			children = (
				FEF403A1276E3EBC0082276B /* AppDelegate.swift */,
				FEF403A3276E3EBC0082276B /* SceneDelegate.swift */,
				FEF753322770A25C00C9FF08 /* Models */,
				FEF7532F2770984300C9FF08 /* Controlles */,
				FEF403A7276E3EBC0082276B /* Main.storyboard */,
				FEF403AA276E3EBD0082276B /* Assets.xcassets */,
				FEF403AC276E3EBD0082276B /* LaunchScreen.storyboard */,
				FEF403AF276E3EBD0082276B /* Info.plist */,
			);
			path = GB_Millionaire;
			sourceTree = "<group>";
		};
		FEF7532F2770984300C9FF08 /* Controlles */ = {
			isa = PBXGroup;
			children = (
				FEF403A5276E3EBC0082276B /* MainVC.swift */,
				FEF75330277099EE00C9FF08 /* GameVC.swift */,
				FEF7533B2770B2E300C9FF08 /* RecordsVC.swift */,
				FEF7533F2770D6A300C9FF08 /* RecordsTVCell.swift */,
			);
			path = Controlles;
			sourceTree = "<group>";
		};
		FEF753322770A25C00C9FF08 /* Models */ = {
			isa = PBXGroup;
			children = (
				FEF753332770A27700C9FF08 /* Question.swift */,
				FEF753352770A67A00C9FF08 /* Game.swift */,
				FEF753372770A73300C9FF08 /* GameSession.swift */,
				FEF753392770A79E00C9FF08 /* RecordsCaretaker.swift */,
				FEF7533D2770B52000C9FF08 /* GameRecord.swift */,
			);
			path = Models;
			sourceTree = "<group>";
		};
/* End PBXGroup section */

/* Begin PBXNativeTarget section */
		FEF4039D276E3EBC0082276B /* GB_Millionaire */ = {
			isa = PBXNativeTarget;
			buildConfigurationList = FEF403B2276E3EBD0082276B /* Build configuration list for PBXNativeTarget "GB_Millionaire" */;
			buildPhases = (
				FEF4039A276E3EBC0082276B /* Sources */,
				FEF4039B276E3EBC0082276B /* Frameworks */,
				FEF4039C276E3EBC0082276B /* Resources */,
			);
			buildRules = (
			);
			dependencies = (
			);
			name = GB_Millionaire;
			productName = GB_Millionaire;
			productReference = FEF4039E276E3EBC0082276B /* GB_Millionaire.app */;
			productType = "com.apple.product-type.application";
		};
/* End PBXNativeTarget section */

/* Begin PBXProject section */
		FEF40396276E3EBC0082276B /* Project object */ = {
			isa = PBXProject;
			attributes = {
				BuildIndependentTargetsInParallel = 1;
				LastSwiftUpdateCheck = 1320;
				LastUpgradeCheck = 1320;
				TargetAttributes = {
					FEF4039D276E3EBC0082276B = {
						CreatedOnToolsVersion = 13.2;
					};
				};
			};
			buildConfigurationList = FEF40399276E3EBC0082276B /* Build configuration list for PBXProject "GB_Millionaire" */;
			compatibilityVersion = "Xcode 13.0";
			developmentRegion = en;
			hasScannedForEncodings = 0;
			knownRegions = (
				en,
				Base,
			);
			mainGroup = FEF40395276E3EBC0082276B;
			productRefGroup = FEF4039F276E3EBC0082276B /* Products */;
			projectDirPath = "";
			projectRoot = "";
			targets = (
				FEF4039D276E3EBC0082276B /* GB_Millionaire */,
			);
		};
/* End PBXProject section */

/* Begin PBXResourcesBuildPhase section */
		FEF4039C276E3EBC0082276B /* Resources */ = {
			isa = PBXResourcesBuildPhase;
			buildActionMask = 2147483647;
			files = (
				FEF403AE276E3EBD0082276B /* LaunchScreen.storyboard in Resources */,
				FEF403AB276E3EBD0082276B /* Assets.xcassets in Resources */,
				FEF403A9276E3EBC0082276B /* Main.storyboard in Resources */,
			);
			runOnlyForDeploymentPostprocessing = 0;
		};
/* End PBXResourcesBuildPhase section */

/* Begin PBXSourcesBuildPhase section */
		FEF4039A276E3EBC0082276B /* Sources */ = {
			isa = PBXSourcesBuildPhase;
			buildActionMask = 2147483647;
			files = (
				FEF7533C2770B2E300C9FF08 /* RecordsVC.swift in Sources */,
				FEF753342770A27700C9FF08 /* Question.swift in Sources */,
				FEF753362770A67A00C9FF08 /* Game.swift in Sources */,
				FEF403A6276E3EBC0082276B /* MainVC.swift in Sources */,
				FEF753402770D6A300C9FF08 /* RecordsTVCell.swift in Sources */,
				FEF7533E2770B52000C9FF08 /* GameRecord.swift in Sources */,
				FEF403A2276E3EBC0082276B /* AppDelegate.swift in Sources */,
				FEF753382770A73300C9FF08 /* GameSession.swift in Sources */,
				FEF7533A2770A79E00C9FF08 /* RecordsCaretaker.swift in Sources */,
				FEF75331277099EE00C9FF08 /* GameVC.swift in Sources */,
				FEF403A4276E3EBC0082276B /* SceneDelegate.swift in Sources */,
			);
			runOnlyForDeploymentPostprocessing = 0;
		};
/* End PBXSourcesBuildPhase section */

/* Begin PBXVariantGroup section */
		FEF403A7276E3EBC0082276B /* Main.storyboard */ = {
			isa = PBXVariantGroup;
			children = (
				FEF403A8276E3EBC0082276B /* Base */,
			);
			name = Main.storyboard;
			sourceTree = "<group>";
		};
		FEF403AC276E3EBD0082276B /* LaunchScreen.storyboard */ = {
			isa = PBXVariantGroup;
			children = (
				FEF403AD276E3EBD0082276B /* Base */,
			);
			name = LaunchScreen.storyboard;
			sourceTree = "<group>";
		};
/* End PBXVariantGroup section */

/* Begin XCBuildConfiguration section */
		FEF403B0276E3EBD0082276B /* Debug */ = {
			isa = XCBuildConfiguration;
			buildSettings = {
				ALWAYS_SEARCH_USER_PATHS = NO;
				CLANG_ANALYZER_NONNULL = YES;
				CLANG_ANALYZER_NUMBER_OBJECT_CONVERSION = YES_AGGRESSIVE;
				CLANG_CXX_LANGUAGE_STANDARD = "gnu++17";
				CLANG_CXX_LIBRARY = "libc++";
				CLANG_ENABLE_MODULES = YES;
				CLANG_ENABLE_OBJC_ARC = YES;
				CLANG_ENABLE_OBJC_WEAK = YES;
				CLANG_WARN_BLOCK_CAPTURE_AUTORELEASING = YES;
				CLANG_WARN_BOOL_CONVERSION = YES;
				CLANG_WARN_COMMA = YES;
				CLANG_WARN_CONSTANT_CONVERSION = YES;
				CLANG_WARN_DEPRECATED_OBJC_IMPLEMENTATIONS = YES;
				CLANG_WARN_DIRECT_OBJC_ISA_USAGE = YES_ERROR;
				CLANG_WARN_DOCUMENTATION_COMMENTS = YES;
				CLANG_WARN_EMPTY_BODY = YES;
				CLANG_WARN_ENUM_CONVERSION = YES;
				CLANG_WARN_INFINITE_RECURSION = YES;
				CLANG_WARN_INT_CONVERSION = YES;
				CLANG_WARN_NON_LITERAL_NULL_CONVERSION = YES;
				CLANG_WARN_OBJC_IMPLICIT_RETAIN_SELF = YES;
				CLANG_WARN_OBJC_LITERAL_CONVERSION = YES;
				CLANG_WARN_OBJC_ROOT_CLASS = YES_ERROR;
				CLANG_WARN_QUOTED_INCLUDE_IN_FRAMEWORK_HEADER = YES;
				CLANG_WARN_RANGE_LOOP_ANALYSIS = YES;
				CLANG_WARN_STRICT_PROTOTYPES = YES;
				CLANG_WARN_SUSPICIOUS_MOVE = YES;
				CLANG_WARN_UNGUARDED_AVAILABILITY = YES_AGGRESSIVE;
				CLANG_WARN_UNREACHABLE_CODE = YES;
				CLANG_WARN__DUPLICATE_METHOD_MATCH = YES;
				COPY_PHASE_STRIP = NO;
				DEBUG_INFORMATION_FORMAT = dwarf;
				ENABLE_STRICT_OBJC_MSGSEND = YES;
				ENABLE_TESTABILITY = YES;
				GCC_C_LANGUAGE_STANDARD = gnu11;
				GCC_DYNAMIC_NO_PIC = NO;
				GCC_NO_COMMON_BLOCKS = YES;
				GCC_OPTIMIZATION_LEVEL = 0;
				GCC_PREPROCESSOR_DEFINITIONS = (
					"DEBUG=1",
					"$(inherited)",
				);
				GCC_WARN_64_TO_32_BIT_CONVERSION = YES;
				GCC_WARN_ABOUT_RETURN_TYPE = YES_ERROR;
				GCC_WARN_UNDECLARED_SELECTOR = YES;
				GCC_WARN_UNINITIALIZED_AUTOS = YES_AGGRESSIVE;
				GCC_WARN_UNUSED_FUNCTION = YES;
				GCC_WARN_UNUSED_VARIABLE = YES;
				IPHONEOS_DEPLOYMENT_TARGET = 15.2;
				MTL_ENABLE_DEBUG_INFO = INCLUDE_SOURCE;
				MTL_FAST_MATH = YES;
				ONLY_ACTIVE_ARCH = YES;
				SDKROOT = iphoneos;
				SWIFT_ACTIVE_COMPILATION_CONDITIONS = DEBUG;
				SWIFT_OPTIMIZATION_LEVEL = "-Onone";
			};
			name = Debug;
		};
		FEF403B1276E3EBD0082276B /* Release */ = {
			isa = XCBuildConfiguration;
			buildSettings = {
				ALWAYS_SEARCH_USER_PATHS = NO;
				CLANG_ANALYZER_NONNULL = YES;
				CLANG_ANALYZER_NUMBER_OBJECT_CONVERSION = YES_AGGRESSIVE;
				CLANG_CXX_LANGUAGE_STANDARD = "gnu++17";
				CLANG_CXX_LIBRARY = "libc++";
				CLANG_ENABLE_MODULES = YES;
				CLANG_ENABLE_OBJC_ARC = YES;
				CLANG_ENABLE_OBJC_WEAK = YES;
				CLANG_WARN_BLOCK_CAPTURE_AUTORELEASING = YES;
				CLANG_WARN_BOOL_CONVERSION = YES;
				CLANG_WARN_COMMA = YES;
				CLANG_WARN_CONSTANT_CONVERSION = YES;
				CLANG_WARN_DEPRECATED_OBJC_IMPLEMENTATIONS = YES;
				CLANG_WARN_DIRECT_OBJC_ISA_USAGE = YES_ERROR;
				CLANG_WARN_DOCUMENTATION_COMMENTS = YES;
				CLANG_WARN_EMPTY_BODY = YES;
				CLANG_WARN_ENUM_CONVERSION = YES;
				CLANG_WARN_INFINITE_RECURSION = YES;
				CLANG_WARN_INT_CONVERSION = YES;
				CLANG_WARN_NON_LITERAL_NULL_CONVERSION = YES;
				CLANG_WARN_OBJC_IMPLICIT_RETAIN_SELF = YES;
				CLANG_WARN_OBJC_LITERAL_CONVERSION = YES;
				CLANG_WARN_OBJC_ROOT_CLASS = YES_ERROR;
				CLANG_WARN_QUOTED_INCLUDE_IN_FRAMEWORK_HEADER = YES;
				CLANG_WARN_RANGE_LOOP_ANALYSIS = YES;
				CLANG_WARN_STRICT_PROTOTYPES = YES;
				CLANG_WARN_SUSPICIOUS_MOVE = YES;
				CLANG_WARN_UNGUARDED_AVAILABILITY = YES_AGGRESSIVE;
				CLANG_WARN_UNREACHABLE_CODE = YES;
				CLANG_WARN__DUPLICATE_METHOD_MATCH = YES;
				COPY_PHASE_STRIP = NO;
				DEBUG_INFORMATION_FORMAT = "dwarf-with-dsym";
				ENABLE_NS_ASSERTIONS = NO;
				ENABLE_STRICT_OBJC_MSGSEND = YES;
				GCC_C_LANGUAGE_STANDARD = gnu11;
				GCC_NO_COMMON_BLOCKS = YES;
				GCC_WARN_64_TO_32_BIT_CONVERSION = YES;
				GCC_WARN_ABOUT_RETURN_TYPE = YES_ERROR;
				GCC_WARN_UNDECLARED_SELECTOR = YES;
				GCC_WARN_UNINITIALIZED_AUTOS = YES_AGGRESSIVE;
				GCC_WARN_UNUSED_FUNCTION = YES;
				GCC_WARN_UNUSED_VARIABLE = YES;
				IPHONEOS_DEPLOYMENT_TARGET = 15.2;
				MTL_ENABLE_DEBUG_INFO = NO;
				MTL_FAST_MATH = YES;
				SDKROOT = iphoneos;
				SWIFT_COMPILATION_MODE = wholemodule;
				SWIFT_OPTIMIZATION_LEVEL = "-O";
				VALIDATE_PRODUCT = YES;
			};
			name = Release;
		};
		FEF403B3276E3EBD0082276B /* Debug */ = {
			isa = XCBuildConfiguration;
			buildSettings = {
				ASSETCATALOG_COMPILER_APPICON_NAME = AppIcon;
				ASSETCATALOG_COMPILER_GLOBAL_ACCENT_COLOR_NAME = AccentColor;
				CODE_SIGN_STYLE = Automatic;
				CURRENT_PROJECT_VERSION = 1;
				DEVELOPMENT_TEAM = Q3N89R8Y92;
				GENERATE_INFOPLIST_FILE = YES;
				INFOPLIST_FILE = GB_Millionaire/Info.plist;
				INFOPLIST_KEY_UIApplicationSupportsIndirectInputEvents = YES;
				INFOPLIST_KEY_UILaunchStoryboardName = LaunchScreen;
				INFOPLIST_KEY_UIMainStoryboardFile = Main;
				INFOPLIST_KEY_UISupportedInterfaceOrientations_iPad = "UIInterfaceOrientationPortrait UIInterfaceOrientationPortraitUpsideDown UIInterfaceOrientationLandscapeLeft UIInterfaceOrientationLandscapeRight";
				INFOPLIST_KEY_UISupportedInterfaceOrientations_iPhone = "UIInterfaceOrientationPortrait UIInterfaceOrientationLandscapeLeft UIInterfaceOrientationLandscapeRight";
				LD_RUNPATH_SEARCH_PATHS = (
					"$(inherited)",
					"@executable_path/Frameworks",
				);
				MARKETING_VERSION = 1.0;
				PRODUCT_BUNDLE_IDENTIFIER = "haunt.GB-Millionaire";
				PRODUCT_NAME = "$(TARGET_NAME)";
				SWIFT_EMIT_LOC_STRINGS = YES;
				SWIFT_VERSION = 5.0;
				TARGETED_DEVICE_FAMILY = "1,2";
			};
			name = Debug;
		};
		FEF403B4276E3EBD0082276B /* Release */ = {
			isa = XCBuildConfiguration;
			buildSettings = {
				ASSETCATALOG_COMPILER_APPICON_NAME = AppIcon;
				ASSETCATALOG_COMPILER_GLOBAL_ACCENT_COLOR_NAME = AccentColor;
				CODE_SIGN_STYLE = Automatic;
				CURRENT_PROJECT_VERSION = 1;
				DEVELOPMENT_TEAM = Q3N89R8Y92;
				GENERATE_INFOPLIST_FILE = YES;
				INFOPLIST_FILE = GB_Millionaire/Info.plist;
				INFOPLIST_KEY_UIApplicationSupportsIndirectInputEvents = YES;
				INFOPLIST_KEY_UILaunchStoryboardName = LaunchScreen;
				INFOPLIST_KEY_UIMainStoryboardFile = Main;
				INFOPLIST_KEY_UISupportedInterfaceOrientations_iPad = "UIInterfaceOrientationPortrait UIInterfaceOrientationPortraitUpsideDown UIInterfaceOrientationLandscapeLeft UIInterfaceOrientationLandscapeRight";
				INFOPLIST_KEY_UISupportedInterfaceOrientations_iPhone = "UIInterfaceOrientationPortrait UIInterfaceOrientationLandscapeLeft UIInterfaceOrientationLandscapeRight";
				LD_RUNPATH_SEARCH_PATHS = (
					"$(inherited)",
					"@executable_path/Frameworks",
				);
				MARKETING_VERSION = 1.0;
				PRODUCT_BUNDLE_IDENTIFIER = "haunt.GB-Millionaire";
				PRODUCT_NAME = "$(TARGET_NAME)";
				SWIFT_EMIT_LOC_STRINGS = YES;
				SWIFT_VERSION = 5.0;
				TARGETED_DEVICE_FAMILY = "1,2";
			};
			name = Release;
		};
/* End XCBuildConfiguration section */

/* Begin XCConfigurationList section */
		FEF40399276E3EBC0082276B /* Build configuration list for PBXProject "GB_Millionaire" */ = {
			isa = XCConfigurationList;
			buildConfigurations = (
				FEF403B0276E3EBD0082276B /* Debug */,
				FEF403B1276E3EBD0082276B /* Release */,
			);
			defaultConfigurationIsVisible = 0;
			defaultConfigurationName = Release;
		};
		FEF403B2276E3EBD0082276B /* Build configuration list for PBXNativeTarget "GB_Millionaire" */ = {
			isa = XCConfigurationList;
			buildConfigurations = (
				FEF403B3276E3EBD0082276B /* Debug */,
				FEF403B4276E3EBD0082276B /* Release */,
			);
			defaultConfigurationIsVisible = 0;
			defaultConfigurationName = Release;
		};
/* End XCConfigurationList section */
	};
	rootObject = FEF40396276E3EBC0082276B /* Project object */;
}
